
Microsoft Visual Studio Solution File, Format Version 12.00
# Visual Studio Version 17
VisualStudioVersion = 17.14.36109.1
MinimumVisualStudioVersion = 10.0.40219.1
Project("{2150E333-8FDC-42A3-9474-1A3956D46DE8}") = "src", "src", "{827E0CD3-B72D-47B6-A68D-7590B98EB39B}"
EndProject
Project("{2150E333-8FDC-42A3-9474-1A3956D46DE8}") = "Presentation", "Presentation", "{81034408-37C8-1011-444E-4C15C2FADA8E}"
EndProject
Project("{2150E333-8FDC-42A3-9474-1A3956D46DE8}") = "Core", "Core", "{02EA681E-C7D8-13C7-8484-4AC65E1B71E8}"
EndProject
Project("{2150E333-8FDC-42A3-9474-1A3956D46DE8}") = "Infrastructure", "Infrastructure", "{3F4E7E1E-134F-45E4-9E9D-FEF68B632E65}"
EndProject
Project("{FAE04EC0-301F-11D3-BF4B-00C04F79EFBC}") = "FactoryMesCrm.Domain", "FactoryMesCrm.Domain\FactoryMesCrm.Domain.csproj", "{F76DB663-04E8-47A3-81F9-BC7F4A9C35CF}"
EndProject
Project("{FAE04EC0-301F-11D3-BF4B-00C04F79EFBC}") = "FactoryMesCrm.Api", "FactoryMesCrm.Api\FactoryMesCrm.Api.csproj", "{E106BAA0-0DED-46AD-84BE-768F191110FB}"
EndProject
Project("{FAE04EC0-301F-11D3-BF4B-00C04F79EFBC}") = "FactoryMesCrm.Application", "FactoryMesCrm.Application\FactoryMesCrm.Application.csproj", "{781C40C7-2F1E-4C61-991E-8BE2C3CC95DF}"
EndProject
Project("{FAE04EC0-301F-11D3-BF4B-00C04F79EFBC}") = "FactoryMesCrm.Persistence", "FactoryMesCrm.Persistence\FactoryMesCrm.Persistence.csproj", "{CE3EDD28-1BA9-4A17-8482-F0409A2BC5D4}"
EndProject
Project("{FAE04EC0-301F-11D3-BF4B-00C04F79EFBC}") = "FactoryMesCrm.Infrastructure", "FactoryMesCrm.Infrastructure\FactoryMesCrm.Infrastructure.csproj", "{0DB247AC-EAC8-48BE-88A6-52A5F9973AF9}"
EndProject
Global
	GlobalSection(SolutionConfigurationPlatforms) = preSolution
		Debug|Any CPU = Debug|Any CPU
		Debug|x64 = Debug|x64
		Debug|x86 = Debug|x86
		Release|Any CPU = Release|Any CPU
		Release|x64 = Release|x64
		Release|x86 = Release|x86
	EndGlobalSection
	GlobalSection(ProjectConfigurationPlatforms) = postSolution
		{F76DB663-04E8-47A3-81F9-BC7F4A9C35CF}.Debug|Any CPU.ActiveCfg = Debug|Any CPU
		{F76DB663-04E8-47A3-81F9-BC7F4A9C35CF}.Debug|Any CPU.Build.0 = Debug|Any CPU
		{F76DB663-04E8-47A3-81F9-BC7F4A9C35CF}.Debug|x64.ActiveCfg = Debug|Any CPU
		{F76DB663-04E8-47A3-81F9-BC7F4A9C35CF}.Debug|x64.Build.0 = Debug|Any CPU
		{F76DB663-04E8-47A3-81F9-BC7F4A9C35CF}.Debug|x86.ActiveCfg = Debug|Any CPU
		{F76DB663-04E8-47A3-81F9-BC7F4A9C35CF}.Debug|x86.Build.0 = Debug|Any CPU
		{F76DB663-04E8-47A3-81F9-BC7F4A9C35CF}.Release|Any CPU.ActiveCfg = Release|Any CPU
		{F76DB663-04E8-47A3-81F9-BC7F4A9C35CF}.Release|Any CPU.Build.0 = Release|Any CPU
		{F76DB663-04E8-47A3-81F9-BC7F4A9C35CF}.Release|x64.ActiveCfg = Release|Any CPU
		{F76DB663-04E8-47A3-81F9-BC7F4A9C35CF}.Release|x64.Build.0 = Release|Any CPU
		{F76DB663-04E8-47A3-81F9-BC7F4A9C35CF}.Release|x86.ActiveCfg = Release|Any CPU
		{F76DB663-04E8-47A3-81F9-BC7F4A9C35CF}.Release|x86.Build.0 = Release|Any CPU
		{E106BAA0-0DED-46AD-84BE-768F191110FB}.Debug|Any CPU.ActiveCfg = Debug|Any CPU
		{E106BAA0-0DED-46AD-84BE-768F191110FB}.Debug|Any CPU.Build.0 = Debug|Any CPU
		{E106BAA0-0DED-46AD-84BE-768F191110FB}.Debug|x64.ActiveCfg = Debug|Any CPU
		{E106BAA0-0DED-46AD-84BE-768F191110FB}.Debug|x64.Build.0 = Debug|Any CPU
		{E106BAA0-0DED-46AD-84BE-768F191110FB}.Debug|x86.ActiveCfg = Debug|Any CPU
		{E106BAA0-0DED-46AD-84BE-768F191110FB}.Debug|x86.Build.0 = Debug|Any CPU
		{E106BAA0-0DED-46AD-84BE-768F191110FB}.Release|Any CPU.ActiveCfg = Release|Any CPU
		{E106BAA0-0DED-46AD-84BE-768F191110FB}.Release|Any CPU.Build.0 = Release|Any CPU
		{E106BAA0-0DED-46AD-84BE-768F191110FB}.Release|x64.ActiveCfg = Release|Any CPU
		{E106BAA0-0DED-46AD-84BE-768F191110FB}.Release|x64.Build.0 = Release|Any CPU
		{E106BAA0-0DED-46AD-84BE-768F191110FB}.Release|x86.ActiveCfg = Release|Any CPU
		{E106BAA0-0DED-46AD-84BE-768F191110FB}.Release|x86.Build.0 = Release|Any CPU
		{781C40C7-2F1E-4C61-991E-8BE2C3CC95DF}.Debug|Any CPU.ActiveCfg = Debug|Any CPU
		{781C40C7-2F1E-4C61-991E-8BE2C3CC95DF}.Debug|Any CPU.Build.0 = Debug|Any CPU
		{781C40C7-2F1E-4C61-991E-8BE2C3CC95DF}.Debug|x64.ActiveCfg = Debug|Any CPU
		{781C40C7-2F1E-4C61-991E-8BE2C3CC95DF}.Debug|x64.Build.0 = Debug|Any CPU
		{781C40C7-2F1E-4C61-991E-8BE2C3CC95DF}.Debug|x86.ActiveCfg = Debug|Any CPU
		{781C40C7-2F1E-4C61-991E-8BE2C3CC95DF}.Debug|x86.Build.0 = Debug|Any CPU
		{781C40C7-2F1E-4C61-991E-8BE2C3CC95DF}.Release|Any CPU.ActiveCfg = Release|Any CPU
		{781C40C7-2F1E-4C61-991E-8BE2C3CC95DF}.Release|Any CPU.Build.0 = Release|Any CPU
		{781C40C7-2F1E-4C61-991E-8BE2C3CC95DF}.Release|x64.ActiveCfg = Release|Any CPU
		{781C40C7-2F1E-4C61-991E-8BE2C3CC95DF}.Release|x64.Build.0 = Release|Any CPU
		{781C40C7-2F1E-4C61-991E-8BE2C3CC95DF}.Release|x86.ActiveCfg = Release|Any CPU
		{781C40C7-2F1E-4C61-991E-8BE2C3CC95DF}.Release|x86.Build.0 = Release|Any CPU
		{CE3EDD28-1BA9-4A17-8482-F0409A2BC5D4}.Debug|Any CPU.ActiveCfg = Debug|Any CPU
		{CE3EDD28-1BA9-4A17-8482-F0409A2BC5D4}.Debug|Any CPU.Build.0 = Debug|Any CPU
		{CE3EDD28-1BA9-4A17-8482-F0409A2BC5D4}.Debug|x64.ActiveCfg = Debug|Any CPU
		{CE3EDD28-1BA9-4A17-8482-F0409A2BC5D4}.Debug|x64.Build.0 = Debug|Any CPU
		{CE3EDD28-1BA9-4A17-8482-F0409A2BC5D4}.Debug|x86.ActiveCfg = Debug|Any CPU
		{CE3EDD28-1BA9-4A17-8482-F0409A2BC5D4}.Debug|x86.Build.0 = Debug|Any CPU
		{CE3EDD28-1BA9-4A17-8482-F0409A2BC5D4}.Release|Any CPU.ActiveCfg = Release|Any CPU
		{CE3EDD28-1BA9-4A17-8482-F0409A2BC5D4}.Release|Any CPU.Build.0 = Release|Any CPU
		{CE3EDD28-1BA9-4A17-8482-F0409A2BC5D4}.Release|x64.ActiveCfg = Release|Any CPU
		{CE3EDD28-1BA9-4A17-8482-F0409A2BC5D4}.Release|x64.Build.0 = Release|Any CPU
		{CE3EDD28-1BA9-4A17-8482-F0409A2BC5D4}.Release|x86.ActiveCfg = Release|Any CPU
		{CE3EDD28-1BA9-4A17-8482-F0409A2BC5D4}.Release|x86.Build.0 = Release|Any CPU
		{0DB247AC-EAC8-48BE-88A6-52A5F9973AF9}.Debug|Any CPU.ActiveCfg = Debug|Any CPU
		{0DB247AC-EAC8-48BE-88A6-52A5F9973AF9}.Debug|Any CPU.Build.0 = Debug|Any CPU
		{0DB247AC-EAC8-48BE-88A6-52A5F9973AF9}.Debug|x64.ActiveCfg = Debug|Any CPU
		{0DB247AC-EAC8-48BE-88A6-52A5F9973AF9}.Debug|x64.Build.0 = Debug|Any CPU
		{0DB247AC-EAC8-48BE-88A6-52A5F9973AF9}.Debug|x86.ActiveCfg = Debug|Any CPU
		{0DB247AC-EAC8-48BE-88A6-52A5F9973AF9}.Debug|x86.Build.0 = Debug|Any CPU
		{0DB247AC-EAC8-48BE-88A6-52A5F9973AF9}.Release|Any CPU.ActiveCfg = Release|Any CPU
		{0DB247AC-EAC8-48BE-88A6-52A5F9973AF9}.Release|Any CPU.Build.0 = Release|Any CPU
		{0DB247AC-EAC8-48BE-88A6-52A5F9973AF9}.Release|x64.ActiveCfg = Release|Any CPU
		{0DB247AC-EAC8-48BE-88A6-52A5F9973AF9}.Release|x64.Build.0 = Release|Any CPU
		{0DB247AC-EAC8-48BE-88A6-52A5F9973AF9}.Release|x86.ActiveCfg = Release|Any CPU
		{0DB247AC-EAC8-48BE-88A6-52A5F9973AF9}.Release|x86.Build.0 = Release|Any CPU
	EndGlobalSection
	GlobalSection(SolutionProperties) = preSolution
		HideSolutionNode = FALSE
	EndGlobalSection
	GlobalSection(NestedProjects) = preSolution
		{81034408-37C8-1011-444E-4C15C2FADA8E} = {827E0CD3-B72D-47B6-A68D-7590B98EB39B}
		{02EA681E-C7D8-13C7-8484-4AC65E1B71E8} = {827E0CD3-B72D-47B6-A68D-7590B98EB39B}
		{3F4E7E1E-134F-45E4-9E9D-FEF68B632E65} = {827E0CD3-B72D-47B6-A68D-7590B98EB39B}
		{F76DB663-04E8-47A3-81F9-BC7F4A9C35CF} = {02EA681E-C7D8-13C7-8484-4AC65E1B71E8}
		{E106BAA0-0DED-46AD-84BE-768F191110FB} = {81034408-37C8-1011-444E-4C15C2FADA8E}
		{781C40C7-2F1E-4C61-991E-8BE2C3CC95DF} = {02EA681E-C7D8-13C7-8484-4AC65E1B71E8}
		{CE3EDD28-1BA9-4A17-8482-F0409A2BC5D4} = {3F4E7E1E-134F-45E4-9E9D-FEF68B632E65}
		{0DB247AC-EAC8-48BE-88A6-52A5F9973AF9} = {3F4E7E1E-134F-45E4-9E9D-FEF68B632E65}
	EndGlobalSection
	GlobalSection(ExtensibilityGlobals) = postSolution
		SolutionGuid = {B02B38FE-26E4-42CD-9AC2-EB436FAA6F77}
	EndGlobalSection
EndGlobal
